
Microsoft Visual Studio Solution File, Format Version 12.00
# Visual Studio Version 16
VisualStudioVersion = 16.0.30406.217
MinimumVisualStudioVersion = 10.0.40219.1
Project("{FAE04EC0-301F-11D3-BF4B-00C04F79EFBC}") = "RimWorld_LanguageWorker_Russian", "RimWorld_LanguageWorker_Russian\RimWorld_LanguageWorker_Russian.csproj", "{A36BEEB2-7379-475B-B537-827E34571962}"
EndProject
Project("{FAE04EC0-301F-11D3-BF4B-00C04F79EFBC}") = "RimWorld_LanguageWorker_Russian_Test", "RimWorld_LanguageWorker_Russian_Test\RimWorld_LanguageWorker_Russian_Test.csproj", "{46BA0185-120F-4C36-A225-26126F17D726}"
EndProject
Project("{911E67C6-3D85-4FCE-B560-20A9C3E3FF48}") = "RimWorldWin64", "E:\Steam\steamapps\common\RimWorld\RimWorldWin64.exe", "{3CA89E7D-A705-4E80-B606-2CD0361261D8}"
	ProjectSection(DebuggerProjectSystem) = preProject
		PortSupplier = 00000000-0000-0000-0000-000000000000
		Executable = E:\Steam\steamapps\common\RimWorld\RimWorldWin64.exe
		RemoteMachine = ELEVATOR-PC
		StartingDirectory = G:\Steam\steamapps\common\RimWorld
		Environment = dnspy_unity_dbg2=--debugger-agent=transport=dt_socket,server=y,address=127.0.0.1:56000,suspend=y,no-hide-debugger	
		LaunchingEngine = 00000000-0000-0000-0000-000000000000
		UseLegacyDebugEngines = No
		LaunchSQLEngine = No
		AttachLaunchAction = No
		IORedirection = Auto
	EndProjectSection
EndProject
Project("{FAE04EC0-301F-11D3-BF4B-00C04F79EFBC}") = "RimWorld_BackstoryTitlesChecker", "RimWorld-BackstoryTitlesChecker\RimWorld_BackstoryTitlesChecker.csproj", "{9DDD518E-D190-4950-BED6-628A7FBDE777}"
EndProject
Global
	GlobalSection(SolutionConfigurationPlatforms) = preSolution
		Debug|Any CPU = Debug|Any CPU
		Debug|x64 = Debug|x64
		Release|Any CPU = Release|Any CPU
		Release|x64 = Release|x64
	EndGlobalSection
	GlobalSection(ProjectConfigurationPlatforms) = postSolution
		{A36BEEB2-7379-475B-B537-827E34571962}.Debug|Any CPU.ActiveCfg = Debug|Any CPU
		{A36BEEB2-7379-475B-B537-827E34571962}.Debug|Any CPU.Build.0 = Debug|Any CPU
		{A36BEEB2-7379-475B-B537-827E34571962}.Debug|x64.ActiveCfg = Debug|Any CPU
		{A36BEEB2-7379-475B-B537-827E34571962}.Debug|x64.Build.0 = Debug|Any CPU
		{A36BEEB2-7379-475B-B537-827E34571962}.Release|Any CPU.ActiveCfg = Release|Any CPU
		{A36BEEB2-7379-475B-B537-827E34571962}.Release|Any CPU.Build.0 = Release|Any CPU
		{A36BEEB2-7379-475B-B537-827E34571962}.Release|x64.ActiveCfg = Release|Any CPU
		{A36BEEB2-7379-475B-B537-827E34571962}.Release|x64.Build.0 = Release|Any CPU
		{46BA0185-120F-4C36-A225-26126F17D726}.Debug|Any CPU.ActiveCfg = Debug|Any CPU
		{46BA0185-120F-4C36-A225-26126F17D726}.Debug|Any CPU.Build.0 = Debug|Any CPU
		{46BA0185-120F-4C36-A225-26126F17D726}.Debug|x64.ActiveCfg = Debug|Any CPU
		{46BA0185-120F-4C36-A225-26126F17D726}.Debug|x64.Build.0 = Debug|Any CPU
		{46BA0185-120F-4C36-A225-26126F17D726}.Release|Any CPU.ActiveCfg = Release|Any CPU
		{46BA0185-120F-4C36-A225-26126F17D726}.Release|Any CPU.Build.0 = Release|Any CPU
		{46BA0185-120F-4C36-A225-26126F17D726}.Release|x64.ActiveCfg = Release|Any CPU
		{46BA0185-120F-4C36-A225-26126F17D726}.Release|x64.Build.0 = Release|Any CPU
		{3CA89E7D-A705-4E80-B606-2CD0361261D8}.Debug|Any CPU.ActiveCfg = Release|x64
		{3CA89E7D-A705-4E80-B606-2CD0361261D8}.Debug|x64.ActiveCfg = Release|x64
		{3CA89E7D-A705-4E80-B606-2CD0361261D8}.Release|Any CPU.ActiveCfg = Release|x64
		{3CA89E7D-A705-4E80-B606-2CD0361261D8}.Release|x64.ActiveCfg = Release|x64
		{9DDD518E-D190-4950-BED6-628A7FBDE777}.Debug|Any CPU.ActiveCfg = Debug|Any CPU
		{9DDD518E-D190-4950-BED6-628A7FBDE777}.Debug|Any CPU.Build.0 = Debug|Any CPU
		{9DDD518E-D190-4950-BED6-628A7FBDE777}.Debug|x64.ActiveCfg = Debug|Any CPU
		{9DDD518E-D190-4950-BED6-628A7FBDE777}.Debug|x64.Build.0 = Debug|Any CPU
		{9DDD518E-D190-4950-BED6-628A7FBDE777}.Release|Any CPU.ActiveCfg = Release|Any CPU
		{9DDD518E-D190-4950-BED6-628A7FBDE777}.Release|Any CPU.Build.0 = Release|Any CPU
		{9DDD518E-D190-4950-BED6-628A7FBDE777}.Release|x64.ActiveCfg = Release|Any CPU
		{9DDD518E-D190-4950-BED6-628A7FBDE777}.Release|x64.Build.0 = Release|Any CPU
	EndGlobalSection
	GlobalSection(SolutionProperties) = preSolution
		HideSolutionNode = FALSE
	EndGlobalSection
	GlobalSection(ExtensibilityGlobals) = postSolution
		SolutionGuid = {03CC3F84-31DC-497D-A71A-110CADDDC7A6}
	EndGlobalSection
EndGlobal
